// !$*UTF8*$!
{
	archiveVersion = 1;
	classes = {
	};
	objectVersion = 55;
	objects = {

/* Begin PBXBuildFile section */
		29179C7F2949C85B00836185 /* RecipeList.swift in Sources */ = {isa = PBXBuildFile; fileRef = 29179C7E2949C85B00836185 /* RecipeList.swift */; };
		29179C812949CCC400836185 /* RecipeView.swift in Sources */ = {isa = PBXBuildFile; fileRef = 29179C802949CCC300836185 /* RecipeView.swift */; };
		29179C83294AAD4F00836185 /* CategoryView.swift in Sources */ = {isa = PBXBuildFile; fileRef = 29179C82294AAD4F00836185 /* CategoryView.swift */; };
		29179C85294AB12300836185 /* AddRecipeView.swift in Sources */ = {isa = PBXBuildFile; fileRef = 29179C84294AB12300836185 /* AddRecipeView.swift */; };
		29179C87294AC10400836185 /* RecipesViewModel.swift in Sources */ = {isa = PBXBuildFile; fileRef = 29179C86294AC10400836185 /* RecipesViewModel.swift */; };
		29AF9F71294963EB002231E1 /* RecipeApp.swift in Sources */ = {isa = PBXBuildFile; fileRef = 29AF9F70294963EB002231E1 /* RecipeApp.swift */; };
		29AF9F73294963EB002231E1 /* ContentView.swift in Sources */ = {isa = PBXBuildFile; fileRef = 29AF9F72294963EB002231E1 /* ContentView.swift */; };
		29AF9F75294963ED002231E1 /* Assets.xcassets in Resources */ = {isa = PBXBuildFile; fileRef = 29AF9F74294963ED002231E1 /* Assets.xcassets */; };
		29AF9F78294963ED002231E1 /* Preview Assets.xcassets in Resources */ = {isa = PBXBuildFile; fileRef = 29AF9F77294963ED002231E1 /* Preview Assets.xcassets */; };
		29AF9F8529496DF7002231E1 /* HomeView.swift in Sources */ = {isa = PBXBuildFile; fileRef = 29AF9F8429496DF7002231E1 /* HomeView.swift */; };
		29AF9F8729496E0B002231E1 /* CategoriesView.swift in Sources */ = {isa = PBXBuildFile; fileRef = 29AF9F8629496E0B002231E1 /* CategoriesView.swift */; };
		29AF9F8929496E1D002231E1 /* NewRecipeView.swift in Sources */ = {isa = PBXBuildFile; fileRef = 29AF9F8829496E1D002231E1 /* NewRecipeView.swift */; };
		29AF9F8B29496E31002231E1 /* FavouritesView.swift in Sources */ = {isa = PBXBuildFile; fileRef = 29AF9F8A29496E31002231E1 /* FavouritesView.swift */; };
		29AF9F8D29496E3F002231E1 /* SettingsView.swift in Sources */ = {isa = PBXBuildFile; fileRef = 29AF9F8C29496E3F002231E1 /* SettingsView.swift */; };
		29AF9F8F294970C2002231E1 /* TabBar.swift in Sources */ = {isa = PBXBuildFile; fileRef = 29AF9F8E294970C2002231E1 /* TabBar.swift */; };
		29AF9F912949884D002231E1 /* RecipeModel.swift in Sources */ = {isa = PBXBuildFile; fileRef = 29AF9F902949884C002231E1 /* RecipeModel.swift */; };
		29AF9F93294991CE002231E1 /* RecipeCard.swift in Sources */ = {isa = PBXBuildFile; fileRef = 29AF9F92294991CE002231E1 /* RecipeCard.swift */; };
/* End PBXBuildFile section */

/* Begin PBXFileReference section */
		29179C7E2949C85B00836185 /* RecipeList.swift */ = {isa = PBXFileReference; lastKnownFileType = sourcecode.swift; path = RecipeList.swift; sourceTree = "<group>"; };
		29179C802949CCC300836185 /* RecipeView.swift */ = {isa = PBXFileReference; lastKnownFileType = sourcecode.swift; path = RecipeView.swift; sourceTree = "<group>"; };
		29179C82294AAD4F00836185 /* CategoryView.swift */ = {isa = PBXFileReference; lastKnownFileType = sourcecode.swift; path = CategoryView.swift; sourceTree = "<group>"; };
		29179C84294AB12300836185 /* AddRecipeView.swift */ = {isa = PBXFileReference; lastKnownFileType = sourcecode.swift; path = AddRecipeView.swift; sourceTree = "<group>"; };
		29179C86294AC10400836185 /* RecipesViewModel.swift */ = {isa = PBXFileReference; lastKnownFileType = sourcecode.swift; path = RecipesViewModel.swift; sourceTree = "<group>"; };
		29AF9F6D294963EB002231E1 /* Recipe.app */ = {isa = PBXFileReference; explicitFileType = wrapper.application; includeInIndex = 0; path = Recipe.app; sourceTree = BUILT_PRODUCTS_DIR; };
		29AF9F70294963EB002231E1 /* RecipeApp.swift */ = {isa = PBXFileReference; lastKnownFileType = sourcecode.swift; path = RecipeApp.swift; sourceTree = "<group>"; };
		29AF9F72294963EB002231E1 /* ContentView.swift */ = {isa = PBXFileReference; lastKnownFileType = sourcecode.swift; path = ContentView.swift; sourceTree = "<group>"; };
		29AF9F74294963ED002231E1 /* Assets.xcassets */ = {isa = PBXFileReference; lastKnownFileType = folder.assetcatalog; path = Assets.xcassets; sourceTree = "<group>"; };
		29AF9F77294963ED002231E1 /* Preview Assets.xcassets */ = {isa = PBXFileReference; lastKnownFileType = folder.assetcatalog; path = "Preview Assets.xcassets"; sourceTree = "<group>"; };
		29AF9F8429496DF7002231E1 /* HomeView.swift */ = {isa = PBXFileReference; lastKnownFileType = sourcecode.swift; path = HomeView.swift; sourceTree = "<group>"; };
		29AF9F8629496E0B002231E1 /* CategoriesView.swift */ = {isa = PBXFileReference; lastKnownFileType = sourcecode.swift; path = CategoriesView.swift; sourceTree = "<group>"; };
		29AF9F8829496E1D002231E1 /* NewRecipeView.swift */ = {isa = PBXFileReference; lastKnownFileType = sourcecode.swift; path = NewRecipeView.swift; sourceTree = "<group>"; };
		29AF9F8A29496E31002231E1 /* FavouritesView.swift */ = {isa = PBXFileReference; lastKnownFileType = sourcecode.swift; path = FavouritesView.swift; sourceTree = "<group>"; };
		29AF9F8C29496E3F002231E1 /* SettingsView.swift */ = {isa = PBXFileReference; lastKnownFileType = sourcecode.swift; path = SettingsView.swift; sourceTree = "<group>"; };
		29AF9F8E294970C2002231E1 /* TabBar.swift */ = {isa = PBXFileReference; lastKnownFileType = sourcecode.swift; path = TabBar.swift; sourceTree = "<group>"; };
		29AF9F902949884C002231E1 /* RecipeModel.swift */ = {isa = PBXFileReference; lastKnownFileType = sourcecode.swift; path = RecipeModel.swift; sourceTree = "<group>"; };
		29AF9F92294991CE002231E1 /* RecipeCard.swift */ = {isa = PBXFileReference; lastKnownFileType = sourcecode.swift; path = RecipeCard.swift; sourceTree = "<group>"; };
/* End PBXFileReference section */

/* Begin PBXFrameworksBuildPhase section */
		29AF9F6A294963EB002231E1 /* Frameworks */ = {
			isa = PBXFrameworksBuildPhase;
			buildActionMask = 2147483647;
			files = (
			);
			runOnlyForDeploymentPostprocessing = 0;
		};
/* End PBXFrameworksBuildPhase section */

/* Begin PBXGroup section */
		29AF9F64294963EB002231E1 = {
			isa = PBXGroup;
			children = (
				29AF9F6F294963EB002231E1 /* Recipe */,
				29AF9F6E294963EB002231E1 /* Products */,
			);
			sourceTree = "<group>";
		};
		29AF9F6E294963EB002231E1 /* Products */ = {
			isa = PBXGroup;
			children = (
				29AF9F6D294963EB002231E1 /* Recipe.app */,
			);
			name = Products;
			sourceTree = "<group>";
		};
		29AF9F6F294963EB002231E1 /* Recipe */ = {
			isa = PBXGroup;
			children = (
				29AF9F7E29496D88002231E1 /* Views */,
				29AF9F7F29496D94002231E1 /* ViewModels */,
				29AF9F8029496DA4002231E1 /* Models */,
				29AF9F70294963EB002231E1 /* RecipeApp.swift */,
				29AF9F74294963ED002231E1 /* Assets.xcassets */,
				29AF9F76294963ED002231E1 /* Preview Content */,
			);
			path = Recipe;
			sourceTree = "<group>";
		};
		29AF9F76294963ED002231E1 /* Preview Content */ = {
			isa = PBXGroup;
			children = (
				29AF9F77294963ED002231E1 /* Preview Assets.xcassets */,
			);
			path = "Preview Content";
			sourceTree = "<group>";
		};
		29AF9F7E29496D88002231E1 /* Views */ = {
			isa = PBXGroup;
			children = (
				29AF9F8129496DBC002231E1 /* Main */,
				29AF9F8229496DC6002231E1 /* Detail */,
				29AF9F8329496DCE002231E1 /* Components */,
			);
			path = Views;
			sourceTree = "<group>";
		};
		29AF9F7F29496D94002231E1 /* ViewModels */ = {
			isa = PBXGroup;
			children = (
				29179C86294AC10400836185 /* RecipesViewModel.swift */,
			);
			path = ViewModels;
			sourceTree = "<group>";
		};
		29AF9F8029496DA4002231E1 /* Models */ = {
			isa = PBXGroup;
			children = (
				29AF9F902949884C002231E1 /* RecipeModel.swift */,
			);
			path = Models;
			sourceTree = "<group>";
		};
		29AF9F8129496DBC002231E1 /* Main */ = {
			isa = PBXGroup;
			children = (
				29AF9F72294963EB002231E1 /* ContentView.swift */,
				29AF9F8E294970C2002231E1 /* TabBar.swift */,
				29AF9F8429496DF7002231E1 /* HomeView.swift */,
				29AF9F8629496E0B002231E1 /* CategoriesView.swift */,
				29AF9F8829496E1D002231E1 /* NewRecipeView.swift */,
				29AF9F8A29496E31002231E1 /* FavouritesView.swift */,
				29AF9F8C29496E3F002231E1 /* SettingsView.swift */,
			);
			path = Main;
			sourceTree = "<group>";
		};
		29AF9F8229496DC6002231E1 /* Detail */ = {
			isa = PBXGroup;
			children = (
				29179C802949CCC300836185 /* RecipeView.swift */,
				29179C82294AAD4F00836185 /* CategoryView.swift */,
				29179C84294AB12300836185 /* AddRecipeView.swift */,
			);
			path = Detail;
			sourceTree = "<group>";
		};
		29AF9F8329496DCE002231E1 /* Components */ = {
			isa = PBXGroup;
			children = (
				29AF9F92294991CE002231E1 /* RecipeCard.swift */,
				29179C7E2949C85B00836185 /* RecipeList.swift */,
			);
			path = Components;
			sourceTree = "<group>";
		};
/* End PBXGroup section */

/* Begin PBXNativeTarget section */
		29AF9F6C294963EB002231E1 /* Recipe */ = {
			isa = PBXNativeTarget;
			buildConfigurationList = 29AF9F7B294963ED002231E1 /* Build configuration list for PBXNativeTarget "Recipe" */;
			buildPhases = (
				29AF9F69294963EB002231E1 /* Sources */,
				29AF9F6A294963EB002231E1 /* Frameworks */,
				29AF9F6B294963EB002231E1 /* Resources */,
			);
			buildRules = (
			);
			dependencies = (
			);
			name = Recipe;
			productName = Recipe;
			productReference = 29AF9F6D294963EB002231E1 /* Recipe.app */;
			productType = "com.apple.product-type.application";
		};
/* End PBXNativeTarget section */

/* Begin PBXProject section */
		29AF9F65294963EB002231E1 /* Project object */ = {
			isa = PBXProject;
			attributes = {
				BuildIndependentTargetsInParallel = 1;
				LastSwiftUpdateCheck = 1340;
				LastUpgradeCheck = 1340;
				TargetAttributes = {
					29AF9F6C294963EB002231E1 = {
						CreatedOnToolsVersion = 13.4.1;
					};
				};
			};
			buildConfigurationList = 29AF9F68294963EB002231E1 /* Build configuration list for PBXProject "Recipe" */;
			compatibilityVersion = "Xcode 13.0";
			developmentRegion = en;
			hasScannedForEncodings = 0;
			knownRegions = (
				en,
				Base,
			);
			mainGroup = 29AF9F64294963EB002231E1;
			productRefGroup = 29AF9F6E294963EB002231E1 /* Products */;
			projectDirPath = "";
			projectRoot = "";
			targets = (
				29AF9F6C294963EB002231E1 /* Recipe */,
			);
		};
/* End PBXProject section */

/* Begin PBXResourcesBuildPhase section */
		29AF9F6B294963EB002231E1 /* Resources */ = {
			isa = PBXResourcesBuildPhase;
			buildActionMask = 2147483647;
			files = (
				29AF9F78294963ED002231E1 /* Preview Assets.xcassets in Resources */,
				29AF9F75294963ED002231E1 /* Assets.xcassets in Resources */,
			);
			runOnlyForDeploymentPostprocessing = 0;
		};
/* End PBXResourcesBuildPhase section */

/* Begin PBXSourcesBuildPhase section */
		29AF9F69294963EB002231E1 /* Sources */ = {
			isa = PBXSourcesBuildPhase;
			buildActionMask = 2147483647;
			files = (
				29179C85294AB12300836185 /* AddRecipeView.swift in Sources */,
				29AF9F8D29496E3F002231E1 /* SettingsView.swift in Sources */,
				29AF9F93294991CE002231E1 /* RecipeCard.swift in Sources */,
				29179C87294AC10400836185 /* RecipesViewModel.swift in Sources */,
				29AF9F8729496E0B002231E1 /* CategoriesView.swift in Sources */,
				29AF9F8929496E1D002231E1 /* NewRecipeView.swift in Sources */,
				29AF9F8F294970C2002231E1 /* TabBar.swift in Sources */,
				29179C83294AAD4F00836185 /* CategoryView.swift in Sources */,
				29AF9F8529496DF7002231E1 /* HomeView.swift in Sources */,
				29179C812949CCC400836185 /* RecipeView.swift in Sources */,
				29179C7F2949C85B00836185 /* RecipeList.swift in Sources */,
				29AF9F73294963EB002231E1 /* ContentView.swift in Sources */,
				29AF9F8B29496E31002231E1 /* FavouritesView.swift in Sources */,
				29AF9F71294963EB002231E1 /* RecipeApp.swift in Sources */,
				29AF9F912949884D002231E1 /* RecipeModel.swift in Sources */,
			);
			runOnlyForDeploymentPostprocessing = 0;
		};
/* End PBXSourcesBuildPhase section */

/* Begin XCBuildConfiguration section */
		29AF9F79294963ED002231E1 /* Debug */ = {
			isa = XCBuildConfiguration;
			buildSettings = {
				ALWAYS_SEARCH_USER_PATHS = NO;
				CLANG_ANALYZER_NONNULL = YES;
				CLANG_ANALYZER_NUMBER_OBJECT_CONVERSION = YES_AGGRESSIVE;
				CLANG_CXX_LANGUAGE_STANDARD = "gnu++17";
				CLANG_ENABLE_MODULES = YES;
				CLANG_ENABLE_OBJC_ARC = YES;
				CLANG_ENABLE_OBJC_WEAK = YES;
				CLANG_WARN_BLOCK_CAPTURE_AUTORELEASING = YES;
				CLANG_WARN_BOOL_CONVERSION = YES;
				CLANG_WARN_COMMA = YES;
				CLANG_WARN_CONSTANT_CONVERSION = YES;
				CLANG_WARN_DEPRECATED_OBJC_IMPLEMENTATIONS = YES;
				CLANG_WARN_DIRECT_OBJC_ISA_USAGE = YES_ERROR;
				CLANG_WARN_DOCUMENTATION_COMMENTS = YES;
				CLANG_WARN_EMPTY_BODY = YES;
				CLANG_WARN_ENUM_CONVERSION = YES;
				CLANG_WARN_INFINITE_RECURSION = YES;
				CLANG_WARN_INT_CONVERSION = YES;
				CLANG_WARN_NON_LITERAL_NULL_CONVERSION = YES;
				CLANG_WARN_OBJC_IMPLICIT_RETAIN_SELF = YES;
				CLANG_WARN_OBJC_LITERAL_CONVERSION = YES;
				CLANG_WARN_OBJC_ROOT_CLASS = YES_ERROR;
				CLANG_WARN_QUOTED_INCLUDE_IN_FRAMEWORK_HEADER = YES;
				CLANG_WARN_RANGE_LOOP_ANALYSIS = YES;
				CLANG_WARN_STRICT_PROTOTYPES = YES;
				CLANG_WARN_SUSPICIOUS_MOVE = YES;
				CLANG_WARN_UNGUARDED_AVAILABILITY = YES_AGGRESSIVE;
				CLANG_WARN_UNREACHABLE_CODE = YES;
				CLANG_WARN__DUPLICATE_METHOD_MATCH = YES;
				COPY_PHASE_STRIP = NO;
				DEBUG_INFORMATION_FORMAT = dwarf;
				ENABLE_STRICT_OBJC_MSGSEND = YES;
				ENABLE_TESTABILITY = YES;
				GCC_C_LANGUAGE_STANDARD = gnu11;
				GCC_DYNAMIC_NO_PIC = NO;
				GCC_NO_COMMON_BLOCKS = YES;
				GCC_OPTIMIZATION_LEVEL = 0;
				GCC_PREPROCESSOR_DEFINITIONS = (
					"DEBUG=1",
					"$(inherited)",
				);
				GCC_WARN_64_TO_32_BIT_CONVERSION = YES;
				GCC_WARN_ABOUT_RETURN_TYPE = YES_ERROR;
				GCC_WARN_UNDECLARED_SELECTOR = YES;
				GCC_WARN_UNINITIALIZED_AUTOS = YES_AGGRESSIVE;
				GCC_WARN_UNUSED_FUNCTION = YES;
				GCC_WARN_UNUSED_VARIABLE = YES;
				IPHONEOS_DEPLOYMENT_TARGET = 15.5;
				MTL_ENABLE_DEBUG_INFO = INCLUDE_SOURCE;
				MTL_FAST_MATH = YES;
				ONLY_ACTIVE_ARCH = YES;
				SDKROOT = iphoneos;
				SWIFT_ACTIVE_COMPILATION_CONDITIONS = DEBUG;
				SWIFT_OPTIMIZATION_LEVEL = "-Onone";
			};
			name = Debug;
		};
		29AF9F7A294963ED002231E1 /* Release */ = {
			isa = XCBuildConfiguration;
			buildSettings = {
				ALWAYS_SEARCH_USER_PATHS = NO;
				CLANG_ANALYZER_NONNULL = YES;
				CLANG_ANALYZER_NUMBER_OBJECT_CONVERSION = YES_AGGRESSIVE;
				CLANG_CXX_LANGUAGE_STANDARD = "gnu++17";
				CLANG_ENABLE_MODULES = YES;
				CLANG_ENABLE_OBJC_ARC = YES;
				CLANG_ENABLE_OBJC_WEAK = YES;
				CLANG_WARN_BLOCK_CAPTURE_AUTORELEASING = YES;
				CLANG_WARN_BOOL_CONVERSION = YES;
				CLANG_WARN_COMMA = YES;
				CLANG_WARN_CONSTANT_CONVERSION = YES;
				CLANG_WARN_DEPRECATED_OBJC_IMPLEMENTATIONS = YES;
				CLANG_WARN_DIRECT_OBJC_ISA_USAGE = YES_ERROR;
				CLANG_WARN_DOCUMENTATION_COMMENTS = YES;
				CLANG_WARN_EMPTY_BODY = YES;
				CLANG_WARN_ENUM_CONVERSION = YES;
				CLANG_WARN_INFINITE_RECURSION = YES;
				CLANG_WARN_INT_CONVERSION = YES;
				CLANG_WARN_NON_LITERAL_NULL_CONVERSION = YES;
				CLANG_WARN_OBJC_IMPLICIT_RETAIN_SELF = YES;
				CLANG_WARN_OBJC_LITERAL_CONVERSION = YES;
				CLANG_WARN_OBJC_ROOT_CLASS = YES_ERROR;
				CLANG_WARN_QUOTED_INCLUDE_IN_FRAMEWORK_HEADER = YES;
				CLANG_WARN_RANGE_LOOP_ANALYSIS = YES;
				CLANG_WARN_STRICT_PROTOTYPES = YES;
				CLANG_WARN_SUSPICIOUS_MOVE = YES;
				CLANG_WARN_UNGUARDED_AVAILABILITY = YES_AGGRESSIVE;
				CLANG_WARN_UNREACHABLE_CODE = YES;
				CLANG_WARN__DUPLICATE_METHOD_MATCH = YES;
				COPY_PHASE_STRIP = NO;
				DEBUG_INFORMATION_FORMAT = "dwarf-with-dsym";
				ENABLE_NS_ASSERTIONS = NO;
				ENABLE_STRICT_OBJC_MSGSEND = YES;
				GCC_C_LANGUAGE_STANDARD = gnu11;
				GCC_NO_COMMON_BLOCKS = YES;
				GCC_WARN_64_TO_32_BIT_CONVERSION = YES;
				GCC_WARN_ABOUT_RETURN_TYPE = YES_ERROR;
				GCC_WARN_UNDECLARED_SELECTOR = YES;
				GCC_WARN_UNINITIALIZED_AUTOS = YES_AGGRESSIVE;
				GCC_WARN_UNUSED_FUNCTION = YES;
				GCC_WARN_UNUSED_VARIABLE = YES;
				IPHONEOS_DEPLOYMENT_TARGET = 15.5;
				MTL_ENABLE_DEBUG_INFO = NO;
				MTL_FAST_MATH = YES;
				SDKROOT = iphoneos;
				SWIFT_COMPILATION_MODE = wholemodule;
				SWIFT_OPTIMIZATION_LEVEL = "-O";
				VALIDATE_PRODUCT = YES;
			};
			name = Release;
		};
		29AF9F7C294963ED002231E1 /* Debug */ = {
			isa = XCBuildConfiguration;
			buildSettings = {
				ASSETCATALOG_COMPILER_APPICON_NAME = AppIcon;
				ASSETCATALOG_COMPILER_GLOBAL_ACCENT_COLOR_NAME = AccentColor;
				CODE_SIGN_STYLE = Automatic;
				CURRENT_PROJECT_VERSION = 1;
				DEVELOPMENT_ASSET_PATHS = "\"Recipe/Preview Content\"";
				DEVELOPMENT_TEAM = 348B6A9XT6;
				ENABLE_PREVIEWS = YES;
				GENERATE_INFOPLIST_FILE = YES;
				INFOPLIST_KEY_UIApplicationSceneManifest_Generation = YES;
				INFOPLIST_KEY_UIApplicationSupportsIndirectInputEvents = YES;
				INFOPLIST_KEY_UILaunchScreen_Generation = YES;
				INFOPLIST_KEY_UISupportedInterfaceOrientations_iPad = "UIInterfaceOrientationPortrait UIInterfaceOrientationPortraitUpsideDown UIInterfaceOrientationLandscapeLeft UIInterfaceOrientationLandscapeRight";
				INFOPLIST_KEY_UISupportedInterfaceOrientations_iPhone = "UIInterfaceOrientationPortrait UIInterfaceOrientationLandscapeLeft UIInterfaceOrientationLandscapeRight";
				LD_RUNPATH_SEARCH_PATHS = (
					"$(inherited)",
					"@executable_path/Frameworks",
				);
				MARKETING_VERSION = 1.0;
				PRODUCT_BUNDLE_IDENTIFIER = com.Recipe.Recipe;
				PRODUCT_NAME = "$(TARGET_NAME)";
				SWIFT_EMIT_LOC_STRINGS = YES;
				SWIFT_VERSION = 5.0;
				TARGETED_DEVICE_FAMILY = "1,2";
			};
			name = Debug;
		};
		29AF9F7D294963ED002231E1 /* Release */ = {
			isa = XCBuildConfiguration;
			buildSettings = {
				ASSETCATALOG_COMPILER_APPICON_NAME = AppIcon;
				ASSETCATALOG_COMPILER_GLOBAL_ACCENT_COLOR_NAME = AccentColor;
				CODE_SIGN_STYLE = Automatic;
				CURRENT_PROJECT_VERSION = 1;
				DEVELOPMENT_ASSET_PATHS = "\"Recipe/Preview Content\"";
				DEVELOPMENT_TEAM = 348B6A9XT6;
				ENABLE_PREVIEWS = YES;
				GENERATE_INFOPLIST_FILE = YES;
				INFOPLIST_KEY_UIApplicationSceneManifest_Generation = YES;
				INFOPLIST_KEY_UIApplicationSupportsIndirectInputEvents = YES;
				INFOPLIST_KEY_UILaunchScreen_Generation = YES;
				INFOPLIST_KEY_UISupportedInterfaceOrientations_iPad = "UIInterfaceOrientationPortrait UIInterfaceOrientationPortraitUpsideDown UIInterfaceOrientationLandscapeLeft UIInterfaceOrientationLandscapeRight";
				INFOPLIST_KEY_UISupportedInterfaceOrientations_iPhone = "UIInterfaceOrientationPortrait UIInterfaceOrientationLandscapeLeft UIInterfaceOrientationLandscapeRight";
				LD_RUNPATH_SEARCH_PATHS = (
					"$(inherited)",
					"@executable_path/Frameworks",
				);
				MARKETING_VERSION = 1.0;
				PRODUCT_BUNDLE_IDENTIFIER = com.Recipe.Recipe;
				PRODUCT_NAME = "$(TARGET_NAME)";
				SWIFT_EMIT_LOC_STRINGS = YES;
				SWIFT_VERSION = 5.0;
				TARGETED_DEVICE_FAMILY = "1,2";
			};
			name = Release;
		};
/* End XCBuildConfiguration section */

/* Begin XCConfigurationList section */
		29AF9F68294963EB002231E1 /* Build configuration list for PBXProject "Recipe" */ = {
			isa = XCConfigurationList;
			buildConfigurations = (
				29AF9F79294963ED002231E1 /* Debug */,
				29AF9F7A294963ED002231E1 /* Release */,
			);
			defaultConfigurationIsVisible = 0;
			defaultConfigurationName = Release;
		};
		29AF9F7B294963ED002231E1 /* Build configuration list for PBXNativeTarget "Recipe" */ = {
			isa = XCConfigurationList;
			buildConfigurations = (
				29AF9F7C294963ED002231E1 /* Debug */,
				29AF9F7D294963ED002231E1 /* Release */,
			);
			defaultConfigurationIsVisible = 0;
			defaultConfigurationName = Release;
		};
/* End XCConfigurationList section */
	};
	rootObject = 29AF9F65294963EB002231E1 /* Project object */;
}
